
Microsoft Visual Studio Solution File, Format Version 12.00
# Visual Studio Version 16
VisualStudioVersion = 16.0.28803.202
MinimumVisualStudioVersion = 10.0.40219.1
Project("{FAE04EC0-301F-11D3-BF4B-00C04F79EFBC}") = "exercice1", "exercice1\exercice1.csproj", "{10E938BC-6DC1-4424-82D9-8BDF29F60054}"
EndProject
Global
	GlobalSection(SolutionConfigurationPlatforms) = preSolution
		Debug|Any CPU = Debug|Any CPU
		Release|Any CPU = Release|Any CPU
	EndGlobalSection
	GlobalSection(ProjectConfigurationPlatforms) = postSolution
		{10E938BC-6DC1-4424-82D9-8BDF29F60054}.Debug|Any CPU.ActiveCfg = Debug|Any CPU
		{10E938BC-6DC1-4424-82D9-8BDF29F60054}.Debug|Any CPU.Build.0 = Debug|Any CPU
		{10E938BC-6DC1-4424-82D9-8BDF29F60054}.Release|Any CPU.ActiveCfg = Release|Any CPU
		{10E938BC-6DC1-4424-82D9-8BDF29F60054}.Release|Any CPU.Build.0 = Release|Any CPU
	EndGlobalSection
	GlobalSection(SolutionProperties) = preSolution
		HideSolutionNode = FALSE
	EndGlobalSection
	GlobalSection(ExtensibilityGlobals) = postSolution
		SolutionGuid = {BAF4C4D1-9F0E-4DB0-AE3F-BBEDE803DE64}
	EndGlobalSection
EndGlobal
