
Microsoft Visual Studio Solution File, Format Version 12.00
# Visual Studio Version 16
VisualStudioVersion = 16.0.28803.202
MinimumVisualStudioVersion = 10.0.40219.1
Project("{FAE04EC0-301F-11D3-BF4B-00C04F79EFBC}") = "WebApplication1", "WebApplication1\WebApplication1.csproj", "{DF237FE5-E58A-4264-BCB6-D1AB0A2FB651}"
EndProject
Global
	GlobalSection(SolutionConfigurationPlatforms) = preSolution
		Debug|Any CPU = Debug|Any CPU
		Release|Any CPU = Release|Any CPU
	EndGlobalSection
	GlobalSection(ProjectConfigurationPlatforms) = postSolution
		{DF237FE5-E58A-4264-BCB6-D1AB0A2FB651}.Debug|Any CPU.ActiveCfg = Debug|Any CPU
		{DF237FE5-E58A-4264-BCB6-D1AB0A2FB651}.Debug|Any CPU.Build.0 = Debug|Any CPU
		{DF237FE5-E58A-4264-BCB6-D1AB0A2FB651}.Release|Any CPU.ActiveCfg = Release|Any CPU
		{DF237FE5-E58A-4264-BCB6-D1AB0A2FB651}.Release|Any CPU.Build.0 = Release|Any CPU
	EndGlobalSection
	GlobalSection(SolutionProperties) = preSolution
		HideSolutionNode = FALSE
	EndGlobalSection
	GlobalSection(ExtensibilityGlobals) = postSolution
		SolutionGuid = {16DE8417-749D-4838-9B70-BC53A15A8A0C}
	EndGlobalSection
EndGlobal
